// !$*UTF8*$!
{
	archiveVersion = 1;
	classes = {
	};
	objectVersion = 55;
	objects = {

/* Begin PBXBuildFile section */
		48ACF59335DE1CC2CB570727 /* Pods_MealsApp.framework in Frameworks */ = {isa = PBXBuildFile; fileRef = 405D27507BD196C4EABDBE2E /* Pods_MealsApp.framework */; };
		7F0F42E827BD2CFB0081E936 /* AppDelegate.swift in Sources */ = {isa = PBXBuildFile; fileRef = 7F0F42E727BD2CFB0081E936 /* AppDelegate.swift */; };
		7F0F42EA27BD2CFB0081E936 /* SceneDelegate.swift in Sources */ = {isa = PBXBuildFile; fileRef = 7F0F42E927BD2CFB0081E936 /* SceneDelegate.swift */; };
		7F0F42EF27BD2CFB0081E936 /* Main.storyboard in Resources */ = {isa = PBXBuildFile; fileRef = 7F0F42ED27BD2CFB0081E936 /* Main.storyboard */; };
		7F0F42F127BD2CFC0081E936 /* Assets.xcassets in Resources */ = {isa = PBXBuildFile; fileRef = 7F0F42F027BD2CFC0081E936 /* Assets.xcassets */; };
		7F0F42F427BD2CFC0081E936 /* LaunchScreen.storyboard in Resources */ = {isa = PBXBuildFile; fileRef = 7F0F42F227BD2CFC0081E936 /* LaunchScreen.storyboard */; };
		7F0F430027BD2E3A0081E936 /* MainTableVC.swift in Sources */ = {isa = PBXBuildFile; fileRef = 7F0F42FF27BD2E3A0081E936 /* MainTableVC.swift */; };
		7F0F430227BD318C0081E936 /* DetailVC.swift in Sources */ = {isa = PBXBuildFile; fileRef = 7F0F430127BD318C0081E936 /* DetailVC.swift */; };
		7F0F430427BD31C40081E936 /* CreaeteReviewsVC.swift in Sources */ = {isa = PBXBuildFile; fileRef = 7F0F430327BD31C40081E936 /* CreaeteReviewsVC.swift */; };
		7F0F430627BD31F00081E936 /* ReviewsVC.swift in Sources */ = {isa = PBXBuildFile; fileRef = 7F0F430527BD31F00081E936 /* ReviewsVC.swift */; };
		7F0F430927BD34DA0081E936 /* Food.swift in Sources */ = {isa = PBXBuildFile; fileRef = 7F0F430827BD34DA0081E936 /* Food.swift */; };
		7F0F430F27BD39C70081E936 /* DataM.swift in Sources */ = {isa = PBXBuildFile; fileRef = 7F0F430E27BD39C70081E936 /* DataM.swift */; };
		7F0F431127BD4F550081E936 /* CustomTVC.swift in Sources */ = {isa = PBXBuildFile; fileRef = 7F0F431027BD4F550081E936 /* CustomTVC.swift */; };
/* End PBXBuildFile section */

/* Begin PBXFileReference section */
		19DD6D4B8C27464A2BFD421B /* Pods-MealsApp.release.xcconfig */ = {isa = PBXFileReference; includeInIndex = 1; lastKnownFileType = text.xcconfig; name = "Pods-MealsApp.release.xcconfig"; path = "Target Support Files/Pods-MealsApp/Pods-MealsApp.release.xcconfig"; sourceTree = "<group>"; };
		405D27507BD196C4EABDBE2E /* Pods_MealsApp.framework */ = {isa = PBXFileReference; explicitFileType = wrapper.framework; includeInIndex = 0; path = Pods_MealsApp.framework; sourceTree = BUILT_PRODUCTS_DIR; };
		4AB6040D17F3498CF5DB5CB8 /* Pods-MealsApp.debug.xcconfig */ = {isa = PBXFileReference; includeInIndex = 1; lastKnownFileType = text.xcconfig; name = "Pods-MealsApp.debug.xcconfig"; path = "Target Support Files/Pods-MealsApp/Pods-MealsApp.debug.xcconfig"; sourceTree = "<group>"; };
		7F0F42E427BD2CFB0081E936 /* MealsApp.app */ = {isa = PBXFileReference; explicitFileType = wrapper.application; includeInIndex = 0; path = MealsApp.app; sourceTree = BUILT_PRODUCTS_DIR; };
		7F0F42E727BD2CFB0081E936 /* AppDelegate.swift */ = {isa = PBXFileReference; lastKnownFileType = sourcecode.swift; path = AppDelegate.swift; sourceTree = "<group>"; };
		7F0F42E927BD2CFB0081E936 /* SceneDelegate.swift */ = {isa = PBXFileReference; lastKnownFileType = sourcecode.swift; path = SceneDelegate.swift; sourceTree = "<group>"; };
		7F0F42EE27BD2CFB0081E936 /* Base */ = {isa = PBXFileReference; lastKnownFileType = file.storyboard; name = Base; path = Base.lproj/Main.storyboard; sourceTree = "<group>"; };
		7F0F42F027BD2CFC0081E936 /* Assets.xcassets */ = {isa = PBXFileReference; lastKnownFileType = folder.assetcatalog; path = Assets.xcassets; sourceTree = "<group>"; };
		7F0F42F327BD2CFC0081E936 /* Base */ = {isa = PBXFileReference; lastKnownFileType = file.storyboard; name = Base; path = Base.lproj/LaunchScreen.storyboard; sourceTree = "<group>"; };
		7F0F42F527BD2CFC0081E936 /* Info.plist */ = {isa = PBXFileReference; lastKnownFileType = text.plist.xml; path = Info.plist; sourceTree = "<group>"; };
		7F0F42FF27BD2E3A0081E936 /* MainTableVC.swift */ = {isa = PBXFileReference; lastKnownFileType = sourcecode.swift; path = MainTableVC.swift; sourceTree = "<group>"; };
		7F0F430127BD318C0081E936 /* DetailVC.swift */ = {isa = PBXFileReference; lastKnownFileType = sourcecode.swift; path = DetailVC.swift; sourceTree = "<group>"; };
		7F0F430327BD31C40081E936 /* CreaeteReviewsVC.swift */ = {isa = PBXFileReference; lastKnownFileType = sourcecode.swift; path = CreaeteReviewsVC.swift; sourceTree = "<group>"; };
		7F0F430527BD31F00081E936 /* ReviewsVC.swift */ = {isa = PBXFileReference; lastKnownFileType = sourcecode.swift; path = ReviewsVC.swift; sourceTree = "<group>"; };
		7F0F430827BD34DA0081E936 /* Food.swift */ = {isa = PBXFileReference; lastKnownFileType = sourcecode.swift; path = Food.swift; sourceTree = "<group>"; };
		7F0F430E27BD39C70081E936 /* DataM.swift */ = {isa = PBXFileReference; lastKnownFileType = sourcecode.swift; path = DataM.swift; sourceTree = "<group>"; };
		7F0F431027BD4F550081E936 /* CustomTVC.swift */ = {isa = PBXFileReference; lastKnownFileType = sourcecode.swift; path = CustomTVC.swift; sourceTree = "<group>"; };
/* End PBXFileReference section */

/* Begin PBXFrameworksBuildPhase section */
		7F0F42E127BD2CFB0081E936 /* Frameworks */ = {
			isa = PBXFrameworksBuildPhase;
			buildActionMask = 2147483647;
			files = (
				48ACF59335DE1CC2CB570727 /* Pods_MealsApp.framework in Frameworks */,
			);
			runOnlyForDeploymentPostprocessing = 0;
		};
/* End PBXFrameworksBuildPhase section */

/* Begin PBXGroup section */
		006297E28DC1EE851C3CAC54 /* Frameworks */ = {
			isa = PBXGroup;
			children = (
				405D27507BD196C4EABDBE2E /* Pods_MealsApp.framework */,
			);
			name = Frameworks;
			sourceTree = "<group>";
		};
		7F0F42DB27BD2CFB0081E936 = {
			isa = PBXGroup;
			children = (
				7F0F42E627BD2CFB0081E936 /* MealsApp */,
				7F0F42E527BD2CFB0081E936 /* Products */,
				F4B717AAEB87107B0846B0F2 /* Pods */,
				006297E28DC1EE851C3CAC54 /* Frameworks */,
			);
			sourceTree = "<group>";
		};
		7F0F42E527BD2CFB0081E936 /* Products */ = {
			isa = PBXGroup;
			children = (
				7F0F42E427BD2CFB0081E936 /* MealsApp.app */,
			);
			name = Products;
			sourceTree = "<group>";
		};
		7F0F42E627BD2CFB0081E936 /* MealsApp */ = {
			isa = PBXGroup;
			children = (
				7F0F430A27BD34E10081E936 /* Models */,
				7F0F42FC27BD2D3B0081E936 /* APP */,
				7F0F42FD27BD2D420081E936 /* Controllers */,
				7F0F42FB27BD2D2F0081E936 /* Views */,
				7F0F42FE27BD2D4E0081E936 /* resources */,
				7F0F42F527BD2CFC0081E936 /* Info.plist */,
				7F0F430D27BD39930081E936 /* Manager */,
			);
			path = MealsApp;
			sourceTree = "<group>";
		};
		7F0F42FB27BD2D2F0081E936 /* Views */ = {
			isa = PBXGroup;
			children = (
				7F0F42ED27BD2CFB0081E936 /* Main.storyboard */,
				7F0F42F227BD2CFC0081E936 /* LaunchScreen.storyboard */,
			);
			path = Views;
			sourceTree = "<group>";
		};
		7F0F42FC27BD2D3B0081E936 /* APP */ = {
			isa = PBXGroup;
			children = (
				7F0F42E727BD2CFB0081E936 /* AppDelegate.swift */,
				7F0F42E927BD2CFB0081E936 /* SceneDelegate.swift */,
			);
			path = APP;
			sourceTree = "<group>";
		};
		7F0F42FD27BD2D420081E936 /* Controllers */ = {
			isa = PBXGroup;
			children = (
				7F0F42FF27BD2E3A0081E936 /* MainTableVC.swift */,
				7F0F430127BD318C0081E936 /* DetailVC.swift */,
				7F0F430327BD31C40081E936 /* CreaeteReviewsVC.swift */,
				7F0F430527BD31F00081E936 /* ReviewsVC.swift */,
			);
			path = Controllers;
			sourceTree = "<group>";
		};
		7F0F42FE27BD2D4E0081E936 /* resources */ = {
			isa = PBXGroup;
			children = (
				7F0F42F027BD2CFC0081E936 /* Assets.xcassets */,
			);
			path = resources;
			sourceTree = "<group>";
		};
		7F0F430A27BD34E10081E936 /* Models */ = {
			isa = PBXGroup;
			children = (
				7F0F430827BD34DA0081E936 /* Food.swift */,
				7F0F431027BD4F550081E936 /* CustomTVC.swift */,
			);
			path = Models;
			sourceTree = "<group>";
		};
		7F0F430D27BD39930081E936 /* Manager */ = {
			isa = PBXGroup;
			children = (
				7F0F430E27BD39C70081E936 /* DataM.swift */,
			);
			name = Manager;
			path = resources;
			sourceTree = "<group>";
		};
		F4B717AAEB87107B0846B0F2 /* Pods */ = {
			isa = PBXGroup;
			children = (
				4AB6040D17F3498CF5DB5CB8 /* Pods-MealsApp.debug.xcconfig */,
				19DD6D4B8C27464A2BFD421B /* Pods-MealsApp.release.xcconfig */,
			);
			path = Pods;
			sourceTree = "<group>";
		};
/* End PBXGroup section */

/* Begin PBXNativeTarget section */
		7F0F42E327BD2CFB0081E936 /* MealsApp */ = {
			isa = PBXNativeTarget;
			buildConfigurationList = 7F0F42F827BD2CFC0081E936 /* Build configuration list for PBXNativeTarget "MealsApp" */;
			buildPhases = (
				FBD5105E6C425E14D76BC4BB /* [CP] Check Pods Manifest.lock */,
				7F0F42E027BD2CFB0081E936 /* Sources */,
				7F0F42E127BD2CFB0081E936 /* Frameworks */,
				7F0F42E227BD2CFB0081E936 /* Resources */,
				8D9916ADBFC58161AB1C7CB1 /* [CP] Embed Pods Frameworks */,
			);
			buildRules = (
			);
			dependencies = (
			);
			name = MealsApp;
			productName = MealsApp;
			productReference = 7F0F42E427BD2CFB0081E936 /* MealsApp.app */;
			productType = "com.apple.product-type.application";
		};
/* End PBXNativeTarget section */

/* Begin PBXProject section */
		7F0F42DC27BD2CFB0081E936 /* Project object */ = {
			isa = PBXProject;
			attributes = {
				BuildIndependentTargetsInParallel = 1;
				LastSwiftUpdateCheck = 1320;
				LastUpgradeCheck = 1320;
				TargetAttributes = {
					7F0F42E327BD2CFB0081E936 = {
						CreatedOnToolsVersion = 13.2.1;
					};
				};
			};
			buildConfigurationList = 7F0F42DF27BD2CFB0081E936 /* Build configuration list for PBXProject "MealsApp" */;
			compatibilityVersion = "Xcode 13.0";
			developmentRegion = en;
			hasScannedForEncodings = 0;
			knownRegions = (
				en,
				Base,
			);
			mainGroup = 7F0F42DB27BD2CFB0081E936;
			productRefGroup = 7F0F42E527BD2CFB0081E936 /* Products */;
			projectDirPath = "";
			projectRoot = "";
			targets = (
				7F0F42E327BD2CFB0081E936 /* MealsApp */,
			);
		};
/* End PBXProject section */

/* Begin PBXResourcesBuildPhase section */
		7F0F42E227BD2CFB0081E936 /* Resources */ = {
			isa = PBXResourcesBuildPhase;
			buildActionMask = 2147483647;
			files = (
				7F0F42F427BD2CFC0081E936 /* LaunchScreen.storyboard in Resources */,
				7F0F42F127BD2CFC0081E936 /* Assets.xcassets in Resources */,
				7F0F42EF27BD2CFB0081E936 /* Main.storyboard in Resources */,
			);
			runOnlyForDeploymentPostprocessing = 0;
		};
/* End PBXResourcesBuildPhase section */

/* Begin PBXShellScriptBuildPhase section */
		8D9916ADBFC58161AB1C7CB1 /* [CP] Embed Pods Frameworks */ = {
			isa = PBXShellScriptBuildPhase;
			buildActionMask = 2147483647;
			files = (
			);
			inputFileListPaths = (
				"${PODS_ROOT}/Target Support Files/Pods-MealsApp/Pods-MealsApp-frameworks-${CONFIGURATION}-input-files.xcfilelist",
			);
			name = "[CP] Embed Pods Frameworks";
			outputFileListPaths = (
				"${PODS_ROOT}/Target Support Files/Pods-MealsApp/Pods-MealsApp-frameworks-${CONFIGURATION}-output-files.xcfilelist",
			);
			runOnlyForDeploymentPostprocessing = 0;
			shellPath = /bin/sh;
			shellScript = "\"${PODS_ROOT}/Target Support Files/Pods-MealsApp/Pods-MealsApp-frameworks.sh\"\n";
			showEnvVarsInLog = 0;
		};
		FBD5105E6C425E14D76BC4BB /* [CP] Check Pods Manifest.lock */ = {
			isa = PBXShellScriptBuildPhase;
			buildActionMask = 2147483647;
			files = (
			);
			inputFileListPaths = (
			);
			inputPaths = (
				"${PODS_PODFILE_DIR_PATH}/Podfile.lock",
				"${PODS_ROOT}/Manifest.lock",
			);
			name = "[CP] Check Pods Manifest.lock";
			outputFileListPaths = (
			);
			outputPaths = (
				"$(DERIVED_FILE_DIR)/Pods-MealsApp-checkManifestLockResult.txt",
			);
			runOnlyForDeploymentPostprocessing = 0;
			shellPath = /bin/sh;
			shellScript = "diff \"${PODS_PODFILE_DIR_PATH}/Podfile.lock\" \"${PODS_ROOT}/Manifest.lock\" > /dev/null\nif [ $? != 0 ] ; then\n    # print error to STDERR\n    echo \"error: The sandbox is not in sync with the Podfile.lock. Run 'pod install' or update your CocoaPods installation.\" >&2\n    exit 1\nfi\n# This output is used by Xcode 'outputs' to avoid re-running this script phase.\necho \"SUCCESS\" > \"${SCRIPT_OUTPUT_FILE_0}\"\n";
			showEnvVarsInLog = 0;
		};
/* End PBXShellScriptBuildPhase section */

/* Begin PBXSourcesBuildPhase section */
		7F0F42E027BD2CFB0081E936 /* Sources */ = {
			isa = PBXSourcesBuildPhase;
			buildActionMask = 2147483647;
			files = (
				7F0F430227BD318C0081E936 /* DetailVC.swift in Sources */,
				7F0F430427BD31C40081E936 /* CreaeteReviewsVC.swift in Sources */,
				7F0F431127BD4F550081E936 /* CustomTVC.swift in Sources */,
				7F0F430627BD31F00081E936 /* ReviewsVC.swift in Sources */,
				7F0F42E827BD2CFB0081E936 /* AppDelegate.swift in Sources */,
				7F0F430027BD2E3A0081E936 /* MainTableVC.swift in Sources */,
				7F0F42EA27BD2CFB0081E936 /* SceneDelegate.swift in Sources */,
				7F0F430F27BD39C70081E936 /* DataM.swift in Sources */,
				7F0F430927BD34DA0081E936 /* Food.swift in Sources */,
			);
			runOnlyForDeploymentPostprocessing = 0;
		};
/* End PBXSourcesBuildPhase section */

/* Begin PBXVariantGroup section */
		7F0F42ED27BD2CFB0081E936 /* Main.storyboard */ = {
			isa = PBXVariantGroup;
			children = (
				7F0F42EE27BD2CFB0081E936 /* Base */,
			);
			name = Main.storyboard;
			sourceTree = "<group>";
		};
		7F0F42F227BD2CFC0081E936 /* LaunchScreen.storyboard */ = {
			isa = PBXVariantGroup;
			children = (
				7F0F42F327BD2CFC0081E936 /* Base */,
			);
			name = LaunchScreen.storyboard;
			sourceTree = "<group>";
		};
/* End PBXVariantGroup section */

/* Begin XCBuildConfiguration section */
		7F0F42F627BD2CFC0081E936 /* Debug */ = {
			isa = XCBuildConfiguration;
			buildSettings = {
				ALWAYS_SEARCH_USER_PATHS = NO;
				CLANG_ANALYZER_NONNULL = YES;
				CLANG_ANALYZER_NUMBER_OBJECT_CONVERSION = YES_AGGRESSIVE;
				CLANG_CXX_LANGUAGE_STANDARD = "gnu++17";
				CLANG_CXX_LIBRARY = "libc++";
				CLANG_ENABLE_MODULES = YES;
				CLANG_ENABLE_OBJC_ARC = YES;
				CLANG_ENABLE_OBJC_WEAK = YES;
				CLANG_WARN_BLOCK_CAPTURE_AUTORELEASING = YES;
				CLANG_WARN_BOOL_CONVERSION = YES;
				CLANG_WARN_COMMA = YES;
				CLANG_WARN_CONSTANT_CONVERSION = YES;
				CLANG_WARN_DEPRECATED_OBJC_IMPLEMENTATIONS = YES;
				CLANG_WARN_DIRECT_OBJC_ISA_USAGE = YES_ERROR;
				CLANG_WARN_DOCUMENTATION_COMMENTS = YES;
				CLANG_WARN_EMPTY_BODY = YES;
				CLANG_WARN_ENUM_CONVERSION = YES;
				CLANG_WARN_INFINITE_RECURSION = YES;
				CLANG_WARN_INT_CONVERSION = YES;
				CLANG_WARN_NON_LITERAL_NULL_CONVERSION = YES;
				CLANG_WARN_OBJC_IMPLICIT_RETAIN_SELF = YES;
				CLANG_WARN_OBJC_LITERAL_CONVERSION = YES;
				CLANG_WARN_OBJC_ROOT_CLASS = YES_ERROR;
				CLANG_WARN_QUOTED_INCLUDE_IN_FRAMEWORK_HEADER = YES;
				CLANG_WARN_RANGE_LOOP_ANALYSIS = YES;
				CLANG_WARN_STRICT_PROTOTYPES = YES;
				CLANG_WARN_SUSPICIOUS_MOVE = YES;
				CLANG_WARN_UNGUARDED_AVAILABILITY = YES_AGGRESSIVE;
				CLANG_WARN_UNREACHABLE_CODE = YES;
				CLANG_WARN__DUPLICATE_METHOD_MATCH = YES;
				COPY_PHASE_STRIP = NO;
				DEBUG_INFORMATION_FORMAT = dwarf;
				ENABLE_STRICT_OBJC_MSGSEND = YES;
				ENABLE_TESTABILITY = YES;
				GCC_C_LANGUAGE_STANDARD = gnu11;
				GCC_DYNAMIC_NO_PIC = NO;
				GCC_NO_COMMON_BLOCKS = YES;
				GCC_OPTIMIZATION_LEVEL = 0;
				GCC_PREPROCESSOR_DEFINITIONS = (
					"DEBUG=1",
					"$(inherited)",
				);
				GCC_WARN_64_TO_32_BIT_CONVERSION = YES;
				GCC_WARN_ABOUT_RETURN_TYPE = YES_ERROR;
				GCC_WARN_UNDECLARED_SELECTOR = YES;
				GCC_WARN_UNINITIALIZED_AUTOS = YES_AGGRESSIVE;
				GCC_WARN_UNUSED_FUNCTION = YES;
				GCC_WARN_UNUSED_VARIABLE = YES;
				IPHONEOS_DEPLOYMENT_TARGET = 15.2;
				MTL_ENABLE_DEBUG_INFO = INCLUDE_SOURCE;
				MTL_FAST_MATH = YES;
				ONLY_ACTIVE_ARCH = YES;
				SDKROOT = iphoneos;
				SWIFT_ACTIVE_COMPILATION_CONDITIONS = DEBUG;
				SWIFT_OPTIMIZATION_LEVEL = "-Onone";
			};
			name = Debug;
		};
		7F0F42F727BD2CFC0081E936 /* Release */ = {
			isa = XCBuildConfiguration;
			buildSettings = {
				ALWAYS_SEARCH_USER_PATHS = NO;
				CLANG_ANALYZER_NONNULL = YES;
				CLANG_ANALYZER_NUMBER_OBJECT_CONVERSION = YES_AGGRESSIVE;
				CLANG_CXX_LANGUAGE_STANDARD = "gnu++17";
				CLANG_CXX_LIBRARY = "libc++";
				CLANG_ENABLE_MODULES = YES;
				CLANG_ENABLE_OBJC_ARC = YES;
				CLANG_ENABLE_OBJC_WEAK = YES;
				CLANG_WARN_BLOCK_CAPTURE_AUTORELEASING = YES;
				CLANG_WARN_BOOL_CONVERSION = YES;
				CLANG_WARN_COMMA = YES;
				CLANG_WARN_CONSTANT_CONVERSION = YES;
				CLANG_WARN_DEPRECATED_OBJC_IMPLEMENTATIONS = YES;
				CLANG_WARN_DIRECT_OBJC_ISA_USAGE = YES_ERROR;
				CLANG_WARN_DOCUMENTATION_COMMENTS = YES;
				CLANG_WARN_EMPTY_BODY = YES;
				CLANG_WARN_ENUM_CONVERSION = YES;
				CLANG_WARN_INFINITE_RECURSION = YES;
				CLANG_WARN_INT_CONVERSION = YES;
				CLANG_WARN_NON_LITERAL_NULL_CONVERSION = YES;
				CLANG_WARN_OBJC_IMPLICIT_RETAIN_SELF = YES;
				CLANG_WARN_OBJC_LITERAL_CONVERSION = YES;
				CLANG_WARN_OBJC_ROOT_CLASS = YES_ERROR;
				CLANG_WARN_QUOTED_INCLUDE_IN_FRAMEWORK_HEADER = YES;
				CLANG_WARN_RANGE_LOOP_ANALYSIS = YES;
				CLANG_WARN_STRICT_PROTOTYPES = YES;
				CLANG_WARN_SUSPICIOUS_MOVE = YES;
				CLANG_WARN_UNGUARDED_AVAILABILITY = YES_AGGRESSIVE;
				CLANG_WARN_UNREACHABLE_CODE = YES;
				CLANG_WARN__DUPLICATE_METHOD_MATCH = YES;
				COPY_PHASE_STRIP = NO;
				DEBUG_INFORMATION_FORMAT = "dwarf-with-dsym";
				ENABLE_NS_ASSERTIONS = NO;
				ENABLE_STRICT_OBJC_MSGSEND = YES;
				GCC_C_LANGUAGE_STANDARD = gnu11;
				GCC_NO_COMMON_BLOCKS = YES;
				GCC_WARN_64_TO_32_BIT_CONVERSION = YES;
				GCC_WARN_ABOUT_RETURN_TYPE = YES_ERROR;
				GCC_WARN_UNDECLARED_SELECTOR = YES;
				GCC_WARN_UNINITIALIZED_AUTOS = YES_AGGRESSIVE;
				GCC_WARN_UNUSED_FUNCTION = YES;
				GCC_WARN_UNUSED_VARIABLE = YES;
				IPHONEOS_DEPLOYMENT_TARGET = 15.2;
				MTL_ENABLE_DEBUG_INFO = NO;
				MTL_FAST_MATH = YES;
				SDKROOT = iphoneos;
				SWIFT_COMPILATION_MODE = wholemodule;
				SWIFT_OPTIMIZATION_LEVEL = "-O";
				VALIDATE_PRODUCT = YES;
			};
			name = Release;
		};
		7F0F42F927BD2CFC0081E936 /* Debug */ = {
			isa = XCBuildConfiguration;
			baseConfigurationReference = 4AB6040D17F3498CF5DB5CB8 /* Pods-MealsApp.debug.xcconfig */;
			buildSettings = {
				ASSETCATALOG_COMPILER_APPICON_NAME = AppIcon;
				ASSETCATALOG_COMPILER_GLOBAL_ACCENT_COLOR_NAME = AccentColor;
				CODE_SIGN_STYLE = Automatic;
				CURRENT_PROJECT_VERSION = 1;
				DEVELOPMENT_TEAM = 4DA45JC35S;
				GENERATE_INFOPLIST_FILE = YES;
				INFOPLIST_FILE = MealsApp/Info.plist;
				INFOPLIST_KEY_UIApplicationSupportsIndirectInputEvents = YES;
				INFOPLIST_KEY_UILaunchStoryboardName = LaunchScreen;
				INFOPLIST_KEY_UIMainStoryboardFile = Main;
				INFOPLIST_KEY_UISupportedInterfaceOrientations_iPad = "UIInterfaceOrientationPortrait UIInterfaceOrientationPortraitUpsideDown UIInterfaceOrientationLandscapeLeft UIInterfaceOrientationLandscapeRight";
				INFOPLIST_KEY_UISupportedInterfaceOrientations_iPhone = "UIInterfaceOrientationPortrait UIInterfaceOrientationLandscapeLeft UIInterfaceOrientationLandscapeRight";
				LD_RUNPATH_SEARCH_PATHS = (
					"$(inherited)",
					"@executable_path/Frameworks",
				);
				MARKETING_VERSION = 1.0;
				PRODUCT_BUNDLE_IDENTIFIER = vladimirdanilovich.com.by.MealsApp;
				PRODUCT_NAME = "$(TARGET_NAME)";
				SWIFT_EMIT_LOC_STRINGS = YES;
				SWIFT_VERSION = 5.0;
				TARGETED_DEVICE_FAMILY = "1,2";
			};
			name = Debug;
		};
		7F0F42FA27BD2CFC0081E936 /* Release */ = {
			isa = XCBuildConfiguration;
			baseConfigurationReference = 19DD6D4B8C27464A2BFD421B /* Pods-MealsApp.release.xcconfig */;
			buildSettings = {
				ASSETCATALOG_COMPILER_APPICON_NAME = AppIcon;
				ASSETCATALOG_COMPILER_GLOBAL_ACCENT_COLOR_NAME = AccentColor;
				CODE_SIGN_STYLE = Automatic;
				CURRENT_PROJECT_VERSION = 1;
				DEVELOPMENT_TEAM = 4DA45JC35S;
				GENERATE_INFOPLIST_FILE = YES;
				INFOPLIST_FILE = MealsApp/Info.plist;
				INFOPLIST_KEY_UIApplicationSupportsIndirectInputEvents = YES;
				INFOPLIST_KEY_UILaunchStoryboardName = LaunchScreen;
				INFOPLIST_KEY_UIMainStoryboardFile = Main;
				INFOPLIST_KEY_UISupportedInterfaceOrientations_iPad = "UIInterfaceOrientationPortrait UIInterfaceOrientationPortraitUpsideDown UIInterfaceOrientationLandscapeLeft UIInterfaceOrientationLandscapeRight";
				INFOPLIST_KEY_UISupportedInterfaceOrientations_iPhone = "UIInterfaceOrientationPortrait UIInterfaceOrientationLandscapeLeft UIInterfaceOrientationLandscapeRight";
				LD_RUNPATH_SEARCH_PATHS = (
					"$(inherited)",
					"@executable_path/Frameworks",
				);
				MARKETING_VERSION = 1.0;
				PRODUCT_BUNDLE_IDENTIFIER = vladimirdanilovich.com.by.MealsApp;
				PRODUCT_NAME = "$(TARGET_NAME)";
				SWIFT_EMIT_LOC_STRINGS = YES;
				SWIFT_VERSION = 5.0;
				TARGETED_DEVICE_FAMILY = "1,2";
			};
			name = Release;
		};
/* End XCBuildConfiguration section */

/* Begin XCConfigurationList section */
		7F0F42DF27BD2CFB0081E936 /* Build configuration list for PBXProject "MealsApp" */ = {
			isa = XCConfigurationList;
			buildConfigurations = (
				7F0F42F627BD2CFC0081E936 /* Debug */,
				7F0F42F727BD2CFC0081E936 /* Release */,
			);
			defaultConfigurationIsVisible = 0;
			defaultConfigurationName = Release;
		};
		7F0F42F827BD2CFC0081E936 /* Build configuration list for PBXNativeTarget "MealsApp" */ = {
			isa = XCConfigurationList;
			buildConfigurations = (
				7F0F42F927BD2CFC0081E936 /* Debug */,
				7F0F42FA27BD2CFC0081E936 /* Release */,
			);
			defaultConfigurationIsVisible = 0;
			defaultConfigurationName = Release;
		};
/* End XCConfigurationList section */
	};
	rootObject = 7F0F42DC27BD2CFB0081E936 /* Project object */;
}
